
Microsoft Visual Studio Solution File, Format Version 12.00
# Visual Studio Version 17
VisualStudioVersion = 17.1.32210.238
MinimumVisualStudioVersion = 10.0.40219.1
Project("{FAE04EC0-301F-11D3-BF4B-00C04F79EFBC}") = "ReadWriteFile", "ReadWriteFile\ReadWriteFile.csproj", "{F66BD2FB-1B79-4BCA-8E96-F994A72375C5}"
EndProject
Global
	GlobalSection(SolutionConfigurationPlatforms) = preSolution
		Debug|Any CPU = Debug|Any CPU
		Release|Any CPU = Release|Any CPU
	EndGlobalSection
	GlobalSection(ProjectConfigurationPlatforms) = postSolution
		{F66BD2FB-1B79-4BCA-8E96-F994A72375C5}.Debug|Any CPU.ActiveCfg = Debug|Any CPU
		{F66BD2FB-1B79-4BCA-8E96-F994A72375C5}.Debug|Any CPU.Build.0 = Debug|Any CPU
		{F66BD2FB-1B79-4BCA-8E96-F994A72375C5}.Release|Any CPU.ActiveCfg = Release|Any CPU
		{F66BD2FB-1B79-4BCA-8E96-F994A72375C5}.Release|Any CPU.Build.0 = Release|Any CPU
	EndGlobalSection
	GlobalSection(SolutionProperties) = preSolution
		HideSolutionNode = FALSE
	EndGlobalSection
	GlobalSection(ExtensibilityGlobals) = postSolution
		SolutionGuid = {67DEBEC7-CB6F-4F4A-94EB-31D9310D1506}
	EndGlobalSection
EndGlobal
