
Microsoft Visual Studio Solution File, Format Version 12.00
# Visual Studio Version 17
VisualStudioVersion = 17.1.32210.238
MinimumVisualStudioVersion = 10.0.40219.1
Project("{FAE04EC0-301F-11D3-BF4B-00C04F79EFBC}") = "VirtualOverrideDemo", "VirtualOverrideDemo\VirtualOverrideDemo.csproj", "{BABD8BEC-EA17-44FD-9D14-01A4E9EFF119}"
EndProject
Global
	GlobalSection(SolutionConfigurationPlatforms) = preSolution
		Debug|Any CPU = Debug|Any CPU
		Release|Any CPU = Release|Any CPU
	EndGlobalSection
	GlobalSection(ProjectConfigurationPlatforms) = postSolution
		{BABD8BEC-EA17-44FD-9D14-01A4E9EFF119}.Debug|Any CPU.ActiveCfg = Debug|Any CPU
		{BABD8BEC-EA17-44FD-9D14-01A4E9EFF119}.Debug|Any CPU.Build.0 = Debug|Any CPU
		{BABD8BEC-EA17-44FD-9D14-01A4E9EFF119}.Release|Any CPU.ActiveCfg = Release|Any CPU
		{BABD8BEC-EA17-44FD-9D14-01A4E9EFF119}.Release|Any CPU.Build.0 = Release|Any CPU
	EndGlobalSection
	GlobalSection(SolutionProperties) = preSolution
		HideSolutionNode = FALSE
	EndGlobalSection
	GlobalSection(ExtensibilityGlobals) = postSolution
		SolutionGuid = {357B2BCF-FE98-49AE-8904-BA5633292B85}
	EndGlobalSection
EndGlobal
